
Microsoft Visual Studio Solution File, Format Version 12.00
# Visual Studio Version 17
VisualStudioVersion = 17.9.34622.214
MinimumVisualStudioVersion = 10.0.40219.1
Project("{FAE04EC0-301F-11D3-BF4B-00C04F79EFBC}") = "AspNetWebApiDemo", "AspNetWebApiDemo\AspNetWebApiDemo.csproj", "{6FAA15B3-43AC-4E35-9658-D3F20C8CF2EB}"
EndProject
Global
	GlobalSection(SolutionConfigurationPlatforms) = preSolution
		Debug|Any CPU = Debug|Any CPU
		Release|Any CPU = Release|Any CPU
	EndGlobalSection
	GlobalSection(ProjectConfigurationPlatforms) = postSolution
		{6FAA15B3-43AC-4E35-9658-D3F20C8CF2EB}.Debug|Any CPU.ActiveCfg = Debug|Any CPU
		{6FAA15B3-43AC-4E35-9658-D3F20C8CF2EB}.Debug|Any CPU.Build.0 = Debug|Any CPU
		{6FAA15B3-43AC-4E35-9658-D3F20C8CF2EB}.Release|Any CPU.ActiveCfg = Release|Any CPU
		{6FAA15B3-43AC-4E35-9658-D3F20C8CF2EB}.Release|Any CPU.Build.0 = Release|Any CPU
	EndGlobalSection
	GlobalSection(SolutionProperties) = preSolution
		HideSolutionNode = FALSE
	EndGlobalSection
	GlobalSection(ExtensibilityGlobals) = postSolution
		SolutionGuid = {55101A6C-4291-437B-9119-9DE5D6A042EE}
	EndGlobalSection
EndGlobal
